// !$*UTF8*$!
{
	archiveVersion = 1;
	classes = {
	};
	objectVersion = 51;
	objects = {

/* Begin PBXBuildFile section */
		B0B94B45DD5A67CD5698BAAE /* Pods_Twist.framework in Frameworks */ = {isa = PBXBuildFile; fileRef = 2D6D8DE3F7F16A375F7CA1E9 /* Pods_Twist.framework */; };
		CF1F219D23140FF700318E7B /* LastfmAuthPlugin.swift in Sources */ = {isa = PBXBuildFile; fileRef = CF1F219C23140FF700318E7B /* LastfmAuthPlugin.swift */; };
		CF1F219F2314281400318E7B /* TokenProvider.swift in Sources */ = {isa = PBXBuildFile; fileRef = CF1F219E2314281400318E7B /* TokenProvider.swift */; };
		CF1F21A1231429DF00318E7B /* topTracks.json in Resources */ = {isa = PBXBuildFile; fileRef = CF1F21A0231429DF00318E7B /* topTracks.json */; };
		CF1F21A42314F52B00318E7B /* friends.json in Resources */ = {isa = PBXBuildFile; fileRef = CF1F21A32314F52B00318E7B /* friends.json */; };
		CF1F21A62314FD9100318E7B /* UserResponse.swift in Sources */ = {isa = PBXBuildFile; fileRef = CF1F21A52314FD9100318E7B /* UserResponse.swift */; };
		CF1F21A823150D4A00318E7B /* TrackResponse.swift in Sources */ = {isa = PBXBuildFile; fileRef = CF1F21A723150D4A00318E7B /* TrackResponse.swift */; };
		CF1F21AA2316BA3900318E7B /* UserRepository.swift in Sources */ = {isa = PBXBuildFile; fileRef = CF1F21A92316BA3900318E7B /* UserRepository.swift */; };
		CF1F21AC2316BAB200318E7B /* User.swift in Sources */ = {isa = PBXBuildFile; fileRef = CF1F21AB2316BAB200318E7B /* User.swift */; };
		CF1F21AE2316E59400318E7B /* Track.swift in Sources */ = {isa = PBXBuildFile; fileRef = CF1F21AD2316E59400318E7B /* Track.swift */; };
		CF7D71732313D931001D3F37 /* HTTPClient.swift in Sources */ = {isa = PBXBuildFile; fileRef = CF7D71722313D931001D3F37 /* HTTPClient.swift */; };
		CFE96C6E2313C9310045EB65 /* AppDelegate.swift in Sources */ = {isa = PBXBuildFile; fileRef = CFE96C6D2313C9310045EB65 /* AppDelegate.swift */; };
		CFE96C702313C9310045EB65 /* ViewController.swift in Sources */ = {isa = PBXBuildFile; fileRef = CFE96C6F2313C9310045EB65 /* ViewController.swift */; };
		CFE96C732313C9310045EB65 /* Main.storyboard in Resources */ = {isa = PBXBuildFile; fileRef = CFE96C712313C9310045EB65 /* Main.storyboard */; };
		CFE96C752313C9320045EB65 /* Assets.xcassets in Resources */ = {isa = PBXBuildFile; fileRef = CFE96C742313C9320045EB65 /* Assets.xcassets */; };
		CFE96C782313C9320045EB65 /* LaunchScreen.storyboard in Resources */ = {isa = PBXBuildFile; fileRef = CFE96C762313C9320045EB65 /* LaunchScreen.storyboard */; };
		CFE96C802313CE040045EB65 /* LastfmTarget.swift in Sources */ = {isa = PBXBuildFile; fileRef = CFE96C7F2313CE040045EB65 /* LastfmTarget.swift */; };
/* End PBXBuildFile section */

/* Begin PBXFileReference section */
		20990ABB3867F0E24C4C162F /* Pods-Twist.debug.xcconfig */ = {isa = PBXFileReference; includeInIndex = 1; lastKnownFileType = text.xcconfig; name = "Pods-Twist.debug.xcconfig"; path = "Target Support Files/Pods-Twist/Pods-Twist.debug.xcconfig"; sourceTree = "<group>"; };
		2D6D8DE3F7F16A375F7CA1E9 /* Pods_Twist.framework */ = {isa = PBXFileReference; explicitFileType = wrapper.framework; includeInIndex = 0; path = Pods_Twist.framework; sourceTree = BUILT_PRODUCTS_DIR; };
		BF867F8756E8DF16535FA209 /* Pods-Twist.release.xcconfig */ = {isa = PBXFileReference; includeInIndex = 1; lastKnownFileType = text.xcconfig; name = "Pods-Twist.release.xcconfig"; path = "Target Support Files/Pods-Twist/Pods-Twist.release.xcconfig"; sourceTree = "<group>"; };
		CF1F219C23140FF700318E7B /* LastfmAuthPlugin.swift */ = {isa = PBXFileReference; lastKnownFileType = sourcecode.swift; path = LastfmAuthPlugin.swift; sourceTree = "<group>"; };
		CF1F219E2314281400318E7B /* TokenProvider.swift */ = {isa = PBXFileReference; lastKnownFileType = sourcecode.swift; path = TokenProvider.swift; sourceTree = "<group>"; };
		CF1F21A0231429DF00318E7B /* topTracks.json */ = {isa = PBXFileReference; fileEncoding = 4; lastKnownFileType = text.json; path = topTracks.json; sourceTree = "<group>"; };
		CF1F21A32314F52B00318E7B /* friends.json */ = {isa = PBXFileReference; fileEncoding = 4; lastKnownFileType = text.json; path = friends.json; sourceTree = "<group>"; };
		CF1F21A52314FD9100318E7B /* UserResponse.swift */ = {isa = PBXFileReference; lastKnownFileType = sourcecode.swift; path = UserResponse.swift; sourceTree = "<group>"; };
		CF1F21A723150D4A00318E7B /* TrackResponse.swift */ = {isa = PBXFileReference; lastKnownFileType = sourcecode.swift; path = TrackResponse.swift; sourceTree = "<group>"; };
		CF1F21A92316BA3900318E7B /* UserRepository.swift */ = {isa = PBXFileReference; lastKnownFileType = sourcecode.swift; path = UserRepository.swift; sourceTree = "<group>"; };
		CF1F21AB2316BAB200318E7B /* User.swift */ = {isa = PBXFileReference; lastKnownFileType = sourcecode.swift; path = User.swift; sourceTree = "<group>"; };
		CF1F21AD2316E59400318E7B /* Track.swift */ = {isa = PBXFileReference; lastKnownFileType = sourcecode.swift; path = Track.swift; sourceTree = "<group>"; };
		CF7D71722313D931001D3F37 /* HTTPClient.swift */ = {isa = PBXFileReference; lastKnownFileType = sourcecode.swift; path = HTTPClient.swift; sourceTree = "<group>"; };
		CFE96C6A2313C9310045EB65 /* Twist.app */ = {isa = PBXFileReference; explicitFileType = wrapper.application; includeInIndex = 0; path = Twist.app; sourceTree = BUILT_PRODUCTS_DIR; };
		CFE96C6D2313C9310045EB65 /* AppDelegate.swift */ = {isa = PBXFileReference; lastKnownFileType = sourcecode.swift; path = AppDelegate.swift; sourceTree = "<group>"; };
		CFE96C6F2313C9310045EB65 /* ViewController.swift */ = {isa = PBXFileReference; lastKnownFileType = sourcecode.swift; path = ViewController.swift; sourceTree = "<group>"; };
		CFE96C722313C9310045EB65 /* Base */ = {isa = PBXFileReference; lastKnownFileType = file.storyboard; name = Base; path = Base.lproj/Main.storyboard; sourceTree = "<group>"; };
		CFE96C742313C9320045EB65 /* Assets.xcassets */ = {isa = PBXFileReference; lastKnownFileType = folder.assetcatalog; path = Assets.xcassets; sourceTree = "<group>"; };
		CFE96C772313C9320045EB65 /* Base */ = {isa = PBXFileReference; lastKnownFileType = file.storyboard; name = Base; path = Base.lproj/LaunchScreen.storyboard; sourceTree = "<group>"; };
		CFE96C792313C9330045EB65 /* Info.plist */ = {isa = PBXFileReference; lastKnownFileType = text.plist.xml; path = Info.plist; sourceTree = "<group>"; };
		CFE96C7F2313CE040045EB65 /* LastfmTarget.swift */ = {isa = PBXFileReference; lastKnownFileType = sourcecode.swift; path = LastfmTarget.swift; sourceTree = "<group>"; };
/* End PBXFileReference section */

/* Begin PBXFrameworksBuildPhase section */
		CFE96C672313C9300045EB65 /* Frameworks */ = {
			isa = PBXFrameworksBuildPhase;
			buildActionMask = 2147483647;
			files = (
				B0B94B45DD5A67CD5698BAAE /* Pods_Twist.framework in Frameworks */,
			);
			runOnlyForDeploymentPostprocessing = 0;
		};
/* End PBXFrameworksBuildPhase section */

/* Begin PBXGroup section */
		26D35D2EE2FBE1EE96A4751A /* Frameworks */ = {
			isa = PBXGroup;
			children = (
				2D6D8DE3F7F16A375F7CA1E9 /* Pods_Twist.framework */,
			);
			name = Frameworks;
			sourceTree = "<group>";
		};
		5BE8E673B4CA57BD78494FFA /* Pods */ = {
			isa = PBXGroup;
			children = (
				20990ABB3867F0E24C4C162F /* Pods-Twist.debug.xcconfig */,
				BF867F8756E8DF16535FA209 /* Pods-Twist.release.xcconfig */,
			);
			path = Pods;
			sourceTree = "<group>";
		};
		CF1F21A2231429E700318E7B /* stubs */ = {
			isa = PBXGroup;
			children = (
				CF1F21A0231429DF00318E7B /* topTracks.json */,
				CF1F21A32314F52B00318E7B /* friends.json */,
			);
			path = stubs;
			sourceTree = "<group>";
		};
		CFE96C612313C9300045EB65 = {
			isa = PBXGroup;
			children = (
				CFE96C6C2313C9310045EB65 /* Twist */,
				CFE96C6B2313C9310045EB65 /* Products */,
				5BE8E673B4CA57BD78494FFA /* Pods */,
				26D35D2EE2FBE1EE96A4751A /* Frameworks */,
			);
			sourceTree = "<group>";
		};
		CFE96C6B2313C9310045EB65 /* Products */ = {
			isa = PBXGroup;
			children = (
				CFE96C6A2313C9310045EB65 /* Twist.app */,
			);
			name = Products;
			sourceTree = "<group>";
		};
		CFE96C6C2313C9310045EB65 /* Twist */ = {
			isa = PBXGroup;
			children = (
				CFE96C792313C9330045EB65 /* Info.plist */,
				CFE96C6D2313C9310045EB65 /* AppDelegate.swift */,
				CF7D71722313D931001D3F37 /* HTTPClient.swift */,
				CF1F219C23140FF700318E7B /* LastfmAuthPlugin.swift */,
				CFE96C7F2313CE040045EB65 /* LastfmTarget.swift */,
				CF1F219E2314281400318E7B /* TokenProvider.swift */,
				CF1F21AD2316E59400318E7B /* Track.swift */,
				CF1F21A723150D4A00318E7B /* TrackResponse.swift */,
				CF1F21AB2316BAB200318E7B /* User.swift */,
				CF1F21A92316BA3900318E7B /* UserRepository.swift */,
				CF1F21A52314FD9100318E7B /* UserResponse.swift */,
				CFE96C6F2313C9310045EB65 /* ViewController.swift */,
				CFE96C742313C9320045EB65 /* Assets.xcassets */,
				CFE96C762313C9320045EB65 /* LaunchScreen.storyboard */,
				CFE96C712313C9310045EB65 /* Main.storyboard */,
				CF1F21A2231429E700318E7B /* stubs */,
			);
			path = Twist;
			sourceTree = "<group>";
		};
/* End PBXGroup section */

/* Begin PBXNativeTarget section */
		CFE96C692313C9300045EB65 /* Twist */ = {
			isa = PBXNativeTarget;
			buildConfigurationList = CFE96C7C2313C9330045EB65 /* Build configuration list for PBXNativeTarget "Twist" */;
			buildPhases = (
				30154A4EB89D28DB08902C99 /* [CP] Check Pods Manifest.lock */,
				CFE96C662313C9300045EB65 /* Sources */,
				CFE96C672313C9300045EB65 /* Frameworks */,
				CFE96C682313C9300045EB65 /* Resources */,
				CD223E5457B0E8AE8D48FBE9 /* [CP] Embed Pods Frameworks */,
			);
			buildRules = (
			);
			dependencies = (
			);
			name = Twist;
			productName = Twist;
			productReference = CFE96C6A2313C9310045EB65 /* Twist.app */;
			productType = "com.apple.product-type.application";
		};
/* End PBXNativeTarget section */

/* Begin PBXProject section */
		CFE96C622313C9300045EB65 /* Project object */ = {
			isa = PBXProject;
			attributes = {
				LastSwiftUpdateCheck = 1010;
				LastUpgradeCheck = 1010;
				ORGANIZATIONNAME = phi;
				TargetAttributes = {
					CFE96C692313C9300045EB65 = {
						CreatedOnToolsVersion = 10.1;
					};
				};
			};
			buildConfigurationList = CFE96C652313C9300045EB65 /* Build configuration list for PBXProject "Twist" */;
			compatibilityVersion = "Xcode 9.3";
			developmentRegion = en;
			hasScannedForEncodings = 0;
			knownRegions = (
				en,
				Base,
			);
			mainGroup = CFE96C612313C9300045EB65;
			productRefGroup = CFE96C6B2313C9310045EB65 /* Products */;
			projectDirPath = "";
			projectRoot = "";
			targets = (
				CFE96C692313C9300045EB65 /* Twist */,
			);
		};
/* End PBXProject section */

/* Begin PBXResourcesBuildPhase section */
		CFE96C682313C9300045EB65 /* Resources */ = {
			isa = PBXResourcesBuildPhase;
			buildActionMask = 2147483647;
			files = (
				CFE96C782313C9320045EB65 /* LaunchScreen.storyboard in Resources */,
				CF1F21A1231429DF00318E7B /* topTracks.json in Resources */,
				CFE96C752313C9320045EB65 /* Assets.xcassets in Resources */,
				CFE96C732313C9310045EB65 /* Main.storyboard in Resources */,
				CF1F21A42314F52B00318E7B /* friends.json in Resources */,
			);
			runOnlyForDeploymentPostprocessing = 0;
		};
/* End PBXResourcesBuildPhase section */

/* Begin PBXShellScriptBuildPhase section */
		30154A4EB89D28DB08902C99 /* [CP] Check Pods Manifest.lock */ = {
			isa = PBXShellScriptBuildPhase;
			buildActionMask = 2147483647;
			files = (
			);
			inputFileListPaths = (
			);
			inputPaths = (
				"${PODS_PODFILE_DIR_PATH}/Podfile.lock",
				"${PODS_ROOT}/Manifest.lock",
			);
			name = "[CP] Check Pods Manifest.lock";
			outputFileListPaths = (
			);
			outputPaths = (
				"$(DERIVED_FILE_DIR)/Pods-Twist-checkManifestLockResult.txt",
			);
			runOnlyForDeploymentPostprocessing = 0;
			shellPath = /bin/sh;
			shellScript = "diff \"${PODS_PODFILE_DIR_PATH}/Podfile.lock\" \"${PODS_ROOT}/Manifest.lock\" > /dev/null\nif [ $? != 0 ] ; then\n    # print error to STDERR\n    echo \"error: The sandbox is not in sync with the Podfile.lock. Run 'pod install' or update your CocoaPods installation.\" >&2\n    exit 1\nfi\n# This output is used by Xcode 'outputs' to avoid re-running this script phase.\necho \"SUCCESS\" > \"${SCRIPT_OUTPUT_FILE_0}\"\n";
			showEnvVarsInLog = 0;
		};
		CD223E5457B0E8AE8D48FBE9 /* [CP] Embed Pods Frameworks */ = {
			isa = PBXShellScriptBuildPhase;
			buildActionMask = 2147483647;
			files = (
			);
			inputFileListPaths = (
				"${PODS_ROOT}/Target Support Files/Pods-Twist/Pods-Twist-frameworks-${CONFIGURATION}-input-files.xcfilelist",
			);
			name = "[CP] Embed Pods Frameworks";
			outputFileListPaths = (
				"${PODS_ROOT}/Target Support Files/Pods-Twist/Pods-Twist-frameworks-${CONFIGURATION}-output-files.xcfilelist",
			);
			runOnlyForDeploymentPostprocessing = 0;
			shellPath = /bin/sh;
			shellScript = "\"${PODS_ROOT}/Target Support Files/Pods-Twist/Pods-Twist-frameworks.sh\"\n";
			showEnvVarsInLog = 0;
		};
/* End PBXShellScriptBuildPhase section */

/* Begin PBXSourcesBuildPhase section */
		CFE96C662313C9300045EB65 /* Sources */ = {
			isa = PBXSourcesBuildPhase;
			buildActionMask = 2147483647;
			files = (
				CF1F219D23140FF700318E7B /* LastfmAuthPlugin.swift in Sources */,
				CF1F21AE2316E59400318E7B /* Track.swift in Sources */,
				CFE96C802313CE040045EB65 /* LastfmTarget.swift in Sources */,
				CF1F21AA2316BA3900318E7B /* UserRepository.swift in Sources */,
				CF1F21A823150D4A00318E7B /* TrackResponse.swift in Sources */,
				CFE96C702313C9310045EB65 /* ViewController.swift in Sources */,
				CF7D71732313D931001D3F37 /* HTTPClient.swift in Sources */,
				CF1F21A62314FD9100318E7B /* UserResponse.swift in Sources */,
				CF1F219F2314281400318E7B /* TokenProvider.swift in Sources */,
				CF1F21AC2316BAB200318E7B /* User.swift in Sources */,
				CFE96C6E2313C9310045EB65 /* AppDelegate.swift in Sources */,
			);
			runOnlyForDeploymentPostprocessing = 0;
		};
/* End PBXSourcesBuildPhase section */

/* Begin PBXVariantGroup section */
		CFE96C712313C9310045EB65 /* Main.storyboard */ = {
			isa = PBXVariantGroup;
			children = (
				CFE96C722313C9310045EB65 /* Base */,
			);
			name = Main.storyboard;
			sourceTree = "<group>";
		};
		CFE96C762313C9320045EB65 /* LaunchScreen.storyboard */ = {
			isa = PBXVariantGroup;
			children = (
				CFE96C772313C9320045EB65 /* Base */,
			);
			name = LaunchScreen.storyboard;
			sourceTree = "<group>";
		};
/* End PBXVariantGroup section */

/* Begin XCBuildConfiguration section */
		CFE96C7A2313C9330045EB65 /* Debug */ = {
			isa = XCBuildConfiguration;
			buildSettings = {
				ALWAYS_SEARCH_USER_PATHS = NO;
				CLANG_ANALYZER_NONNULL = YES;
				CLANG_ANALYZER_NUMBER_OBJECT_CONVERSION = YES_AGGRESSIVE;
				CLANG_CXX_LANGUAGE_STANDARD = "gnu++14";
				CLANG_CXX_LIBRARY = "libc++";
				CLANG_ENABLE_MODULES = YES;
				CLANG_ENABLE_OBJC_ARC = YES;
				CLANG_ENABLE_OBJC_WEAK = YES;
				CLANG_WARN_BLOCK_CAPTURE_AUTORELEASING = YES;
				CLANG_WARN_BOOL_CONVERSION = YES;
				CLANG_WARN_COMMA = YES;
				CLANG_WARN_CONSTANT_CONVERSION = YES;
				CLANG_WARN_DEPRECATED_OBJC_IMPLEMENTATIONS = YES;
				CLANG_WARN_DIRECT_OBJC_ISA_USAGE = YES_ERROR;
				CLANG_WARN_DOCUMENTATION_COMMENTS = YES;
				CLANG_WARN_EMPTY_BODY = YES;
				CLANG_WARN_ENUM_CONVERSION = YES;
				CLANG_WARN_INFINITE_RECURSION = YES;
				CLANG_WARN_INT_CONVERSION = YES;
				CLANG_WARN_NON_LITERAL_NULL_CONVERSION = YES;
				CLANG_WARN_OBJC_IMPLICIT_RETAIN_SELF = YES;
				CLANG_WARN_OBJC_LITERAL_CONVERSION = YES;
				CLANG_WARN_OBJC_ROOT_CLASS = YES_ERROR;
				CLANG_WARN_RANGE_LOOP_ANALYSIS = YES;
				CLANG_WARN_STRICT_PROTOTYPES = YES;
				CLANG_WARN_SUSPICIOUS_MOVE = YES;
				CLANG_WARN_UNGUARDED_AVAILABILITY = YES_AGGRESSIVE;
				CLANG_WARN_UNREACHABLE_CODE = YES;
				CLANG_WARN__DUPLICATE_METHOD_MATCH = YES;
				CODE_SIGN_IDENTITY = "iPhone Developer";
				COPY_PHASE_STRIP = NO;
				DEBUG_INFORMATION_FORMAT = dwarf;
				ENABLE_STRICT_OBJC_MSGSEND = YES;
				ENABLE_TESTABILITY = YES;
				GCC_C_LANGUAGE_STANDARD = gnu11;
				GCC_DYNAMIC_NO_PIC = NO;
				GCC_NO_COMMON_BLOCKS = YES;
				GCC_OPTIMIZATION_LEVEL = 0;
				GCC_PREPROCESSOR_DEFINITIONS = (
					"DEBUG=1",
					"$(inherited)",
				);
				GCC_WARN_64_TO_32_BIT_CONVERSION = YES;
				GCC_WARN_ABOUT_RETURN_TYPE = YES_ERROR;
				GCC_WARN_UNDECLARED_SELECTOR = YES;
				GCC_WARN_UNINITIALIZED_AUTOS = YES_AGGRESSIVE;
				GCC_WARN_UNUSED_FUNCTION = YES;
				GCC_WARN_UNUSED_VARIABLE = YES;
				IPHONEOS_DEPLOYMENT_TARGET = 11.0;
				MTL_ENABLE_DEBUG_INFO = INCLUDE_SOURCE;
				MTL_FAST_MATH = YES;
				ONLY_ACTIVE_ARCH = YES;
				SDKROOT = iphoneos;
				SWIFT_ACTIVE_COMPILATION_CONDITIONS = DEBUG;
				SWIFT_OPTIMIZATION_LEVEL = "-Onone";
			};
			name = Debug;
		};
		CFE96C7B2313C9330045EB65 /* Release */ = {
			isa = XCBuildConfiguration;
			buildSettings = {
				ALWAYS_SEARCH_USER_PATHS = NO;
				CLANG_ANALYZER_NONNULL = YES;
				CLANG_ANALYZER_NUMBER_OBJECT_CONVERSION = YES_AGGRESSIVE;
				CLANG_CXX_LANGUAGE_STANDARD = "gnu++14";
				CLANG_CXX_LIBRARY = "libc++";
				CLANG_ENABLE_MODULES = YES;
				CLANG_ENABLE_OBJC_ARC = YES;
				CLANG_ENABLE_OBJC_WEAK = YES;
				CLANG_WARN_BLOCK_CAPTURE_AUTORELEASING = YES;
				CLANG_WARN_BOOL_CONVERSION = YES;
				CLANG_WARN_COMMA = YES;
				CLANG_WARN_CONSTANT_CONVERSION = YES;
				CLANG_WARN_DEPRECATED_OBJC_IMPLEMENTATIONS = YES;
				CLANG_WARN_DIRECT_OBJC_ISA_USAGE = YES_ERROR;
				CLANG_WARN_DOCUMENTATION_COMMENTS = YES;
				CLANG_WARN_EMPTY_BODY = YES;
				CLANG_WARN_ENUM_CONVERSION = YES;
				CLANG_WARN_INFINITE_RECURSION = YES;
				CLANG_WARN_INT_CONVERSION = YES;
				CLANG_WARN_NON_LITERAL_NULL_CONVERSION = YES;
				CLANG_WARN_OBJC_IMPLICIT_RETAIN_SELF = YES;
				CLANG_WARN_OBJC_LITERAL_CONVERSION = YES;
				CLANG_WARN_OBJC_ROOT_CLASS = YES_ERROR;
				CLANG_WARN_RANGE_LOOP_ANALYSIS = YES;
				CLANG_WARN_STRICT_PROTOTYPES = YES;
				CLANG_WARN_SUSPICIOUS_MOVE = YES;
				CLANG_WARN_UNGUARDED_AVAILABILITY = YES_AGGRESSIVE;
				CLANG_WARN_UNREACHABLE_CODE = YES;
				CLANG_WARN__DUPLICATE_METHOD_MATCH = YES;
				CODE_SIGN_IDENTITY = "iPhone Developer";
				COPY_PHASE_STRIP = NO;
				DEBUG_INFORMATION_FORMAT = "dwarf-with-dsym";
				ENABLE_NS_ASSERTIONS = NO;
				ENABLE_STRICT_OBJC_MSGSEND = YES;
				GCC_C_LANGUAGE_STANDARD = gnu11;
				GCC_NO_COMMON_BLOCKS = YES;
				GCC_WARN_64_TO_32_BIT_CONVERSION = YES;
				GCC_WARN_ABOUT_RETURN_TYPE = YES_ERROR;
				GCC_WARN_UNDECLARED_SELECTOR = YES;
				GCC_WARN_UNINITIALIZED_AUTOS = YES_AGGRESSIVE;
				GCC_WARN_UNUSED_FUNCTION = YES;
				GCC_WARN_UNUSED_VARIABLE = YES;
				IPHONEOS_DEPLOYMENT_TARGET = 11.0;
				MTL_ENABLE_DEBUG_INFO = NO;
				MTL_FAST_MATH = YES;
				SDKROOT = iphoneos;
				SWIFT_COMPILATION_MODE = wholemodule;
				SWIFT_OPTIMIZATION_LEVEL = "-O";
				VALIDATE_PRODUCT = YES;
			};
			name = Release;
		};
		CFE96C7D2313C9330045EB65 /* Debug */ = {
			isa = XCBuildConfiguration;
			baseConfigurationReference = 20990ABB3867F0E24C4C162F /* Pods-Twist.debug.xcconfig */;
			buildSettings = {
				ASSETCATALOG_COMPILER_APPICON_NAME = AppIcon;
				CODE_SIGN_STYLE = Automatic;
				INFOPLIST_FILE = Twist/Info.plist;
				LD_RUNPATH_SEARCH_PATHS = (
					"$(inherited)",
					"@executable_path/Frameworks",
				);
				PRODUCT_BUNDLE_IDENTIFIER = io.github.phi161.Twist;
				PRODUCT_NAME = "$(TARGET_NAME)";
				SWIFT_VERSION = 4.2;
				TARGETED_DEVICE_FAMILY = "1,2";
			};
			name = Debug;
		};
		CFE96C7E2313C9330045EB65 /* Release */ = {
			isa = XCBuildConfiguration;
			baseConfigurationReference = BF867F8756E8DF16535FA209 /* Pods-Twist.release.xcconfig */;
			buildSettings = {
				ASSETCATALOG_COMPILER_APPICON_NAME = AppIcon;
				CODE_SIGN_STYLE = Automatic;
				INFOPLIST_FILE = Twist/Info.plist;
				LD_RUNPATH_SEARCH_PATHS = (
					"$(inherited)",
					"@executable_path/Frameworks",
				);
				PRODUCT_BUNDLE_IDENTIFIER = io.github.phi161.Twist;
				PRODUCT_NAME = "$(TARGET_NAME)";
				SWIFT_VERSION = 4.2;
				TARGETED_DEVICE_FAMILY = "1,2";
			};
			name = Release;
		};
/* End XCBuildConfiguration section */

/* Begin XCConfigurationList section */
		CFE96C652313C9300045EB65 /* Build configuration list for PBXProject "Twist" */ = {
			isa = XCConfigurationList;
			buildConfigurations = (
				CFE96C7A2313C9330045EB65 /* Debug */,
				CFE96C7B2313C9330045EB65 /* Release */,
			);
			defaultConfigurationIsVisible = 0;
			defaultConfigurationName = Release;
		};
		CFE96C7C2313C9330045EB65 /* Build configuration list for PBXNativeTarget "Twist" */ = {
			isa = XCConfigurationList;
			buildConfigurations = (
				CFE96C7D2313C9330045EB65 /* Debug */,
				CFE96C7E2313C9330045EB65 /* Release */,
			);
			defaultConfigurationIsVisible = 0;
			defaultConfigurationName = Release;
		};
/* End XCConfigurationList section */
	};
	rootObject = CFE96C622313C9300045EB65 /* Project object */;
}
